
Microsoft Visual Studio Solution File, Format Version 12.00
# Visual Studio Version 17
VisualStudioVersion = 17.4.33110.190
MinimumVisualStudioVersion = 10.0.40219.1
Project("{9A19103F-16F7-4668-BE54-9A1E7A4F7556}") = "AssertLibrary", "AssertLibrary\AssertLibrary.csproj", "{EAB49539-39D0-47FF-A926-23BBFF583550}"
EndProject
Project("{9A19103F-16F7-4668-BE54-9A1E7A4F7556}") = "AssertLibrary.Tests", "AssertLibrary.Tests\AssertLibrary.Tests.csproj", "{88098E82-1331-4C36-8BC8-F9BE3A3F9355}"
EndProject
Global
	GlobalSection(SolutionConfigurationPlatforms) = preSolution
		Debug|Any CPU = Debug|Any CPU
		Release|Any CPU = Release|Any CPU
	EndGlobalSection
	GlobalSection(ProjectConfigurationPlatforms) = postSolution
		{EAB49539-39D0-47FF-A926-23BBFF583550}.Debug|Any CPU.ActiveCfg = Debug|Any CPU
		{EAB49539-39D0-47FF-A926-23BBFF583550}.Debug|Any CPU.Build.0 = Debug|Any CPU
		{EAB49539-39D0-47FF-A926-23BBFF583550}.Release|Any CPU.ActiveCfg = Release|Any CPU
		{EAB49539-39D0-47FF-A926-23BBFF583550}.Release|Any CPU.Build.0 = Release|Any CPU
		{88098E82-1331-4C36-8BC8-F9BE3A3F9355}.Debug|Any CPU.ActiveCfg = Debug|Any CPU
		{88098E82-1331-4C36-8BC8-F9BE3A3F9355}.Debug|Any CPU.Build.0 = Debug|Any CPU
		{88098E82-1331-4C36-8BC8-F9BE3A3F9355}.Release|Any CPU.ActiveCfg = Release|Any CPU
		{88098E82-1331-4C36-8BC8-F9BE3A3F9355}.Release|Any CPU.Build.0 = Release|Any CPU
	EndGlobalSection
	GlobalSection(SolutionProperties) = preSolution
		HideSolutionNode = FALSE
	EndGlobalSection
	GlobalSection(ExtensibilityGlobals) = postSolution
		SolutionGuid = {2352E9C4-068D-437A-889F-3EA8B6C360A1}
	EndGlobalSection
EndGlobal
